
Microsoft Visual Studio Solution File, Format Version 12.00
# Visual Studio Version 17
VisualStudioVersion = 17.0.31903.59
MinimumVisualStudioVersion = 10.0.40219.1
Project("{FAE04EC0-301F-11D3-BF4B-00C04F79EFBC}") = "ConstructiveReals", "ConstructiveReals\ConstructiveReals.csproj", "{07F0BBDE-0930-4EDD-A792-33888D9A0476}"
EndProject
Project("{FAE04EC0-301F-11D3-BF4B-00C04F79EFBC}") = "ConstructiveReals.Test", "ConstructiveReals.Test\ConstructiveReals.Test.csproj", "{59BA240D-D2CD-4905-A591-47CE54911B4B}"
EndProject
Global
	GlobalSection(SolutionConfigurationPlatforms) = preSolution
		Debug|Any CPU = Debug|Any CPU
		Release|Any CPU = Release|Any CPU
	EndGlobalSection
	GlobalSection(SolutionProperties) = preSolution
		HideSolutionNode = FALSE
	EndGlobalSection
	GlobalSection(ProjectConfigurationPlatforms) = postSolution
		{07F0BBDE-0930-4EDD-A792-33888D9A0476}.Debug|Any CPU.ActiveCfg = Debug|Any CPU
		{07F0BBDE-0930-4EDD-A792-33888D9A0476}.Debug|Any CPU.Build.0 = Debug|Any CPU
		{07F0BBDE-0930-4EDD-A792-33888D9A0476}.Release|Any CPU.ActiveCfg = Release|Any CPU
		{07F0BBDE-0930-4EDD-A792-33888D9A0476}.Release|Any CPU.Build.0 = Release|Any CPU
		{59BA240D-D2CD-4905-A591-47CE54911B4B}.Debug|Any CPU.ActiveCfg = Debug|Any CPU
		{59BA240D-D2CD-4905-A591-47CE54911B4B}.Debug|Any CPU.Build.0 = Debug|Any CPU
		{59BA240D-D2CD-4905-A591-47CE54911B4B}.Release|Any CPU.ActiveCfg = Release|Any CPU
		{59BA240D-D2CD-4905-A591-47CE54911B4B}.Release|Any CPU.Build.0 = Release|Any CPU
	EndGlobalSection
EndGlobal
